
Microsoft Visual Studio Solution File, Format Version 12.00
# Visual Studio Version 16
VisualStudioVersion = 16.0.31911.196
MinimumVisualStudioVersion = 10.0.40219.1
Project("{FAE04EC0-301F-11D3-BF4B-00C04F79EFBC}") = "InMemoryDB", "InMemoryDB\InMemoryDB.csproj", "{F59557F1-2986-4EF7-B58A-2235D00FB50E}"
EndProject
Global
	GlobalSection(SolutionConfigurationPlatforms) = preSolution
		Debug|Any CPU = Debug|Any CPU
		Release|Any CPU = Release|Any CPU
	EndGlobalSection
	GlobalSection(ProjectConfigurationPlatforms) = postSolution
		{F59557F1-2986-4EF7-B58A-2235D00FB50E}.Debug|Any CPU.ActiveCfg = Debug|Any CPU
		{F59557F1-2986-4EF7-B58A-2235D00FB50E}.Debug|Any CPU.Build.0 = Debug|Any CPU
		{F59557F1-2986-4EF7-B58A-2235D00FB50E}.Release|Any CPU.ActiveCfg = Release|Any CPU
		{F59557F1-2986-4EF7-B58A-2235D00FB50E}.Release|Any CPU.Build.0 = Release|Any CPU
	EndGlobalSection
	GlobalSection(SolutionProperties) = preSolution
		HideSolutionNode = FALSE
	EndGlobalSection
	GlobalSection(ExtensibilityGlobals) = postSolution
		SolutionGuid = {42ADE94D-FC8F-4B5C-921E-C0849F0FE4B6}
	EndGlobalSection
EndGlobal
